{
  "name": "khaled-rental",
  "version": "0.1.0",
  "lockfileVersion": 3,
  "requires": true,
  "packages": {
    "": {
      "name": "khaled-rental",
      "version": "0.1.0",
      "dependencies": {
        "chart.js": "^4.5.1",
        "lucide-react": "^1.31.0",
        "next": "16.3.0",
        "react": "19.2.8",
        "react-dom": "19.2.8"
      },
      "devDependencies": {
        "eslint": "^9",
        "eslint-config-next": "16.3.0"
      }
    }
  }
}
